
Microsoft Visual Studio Solution File, Format Version 12.00
# Visual Studio Version 17
VisualStudioVersion = 17.10.35004.147
MinimumVisualStudioVersion = 10.0.40219.1
Project("{FAE04EC0-301F-11D3-BF4B-00C04F79EFBC}") = "vidly3", "vidly3\vidly3.csproj", "{04B48B05-8FC5-4603-B022-4D92A12752AE}"
EndProject
Project("{FAE04EC0-301F-11D3-BF4B-00C04F79EFBC}") = "vidly3.Tests", "vidly3.Tests\vidly3.Tests.csproj", "{79D24194-D34F-45F5-814E-256F7606B56D}"
EndProject
Global
	GlobalSection(SolutionConfigurationPlatforms) = preSolution
		Debug|Any CPU = Debug|Any CPU
		Release|Any CPU = Release|Any CPU
	EndGlobalSection
	GlobalSection(ProjectConfigurationPlatforms) = postSolution
		{04B48B05-8FC5-4603-B022-4D92A12752AE}.Debug|Any CPU.ActiveCfg = Debug|Any CPU
		{04B48B05-8FC5-4603-B022-4D92A12752AE}.Debug|Any CPU.Build.0 = Debug|Any CPU
		{04B48B05-8FC5-4603-B022-4D92A12752AE}.Release|Any CPU.ActiveCfg = Release|Any CPU
		{04B48B05-8FC5-4603-B022-4D92A12752AE}.Release|Any CPU.Build.0 = Release|Any CPU
		{79D24194-D34F-45F5-814E-256F7606B56D}.Debug|Any CPU.ActiveCfg = Debug|Any CPU
		{79D24194-D34F-45F5-814E-256F7606B56D}.Debug|Any CPU.Build.0 = Debug|Any CPU
		{79D24194-D34F-45F5-814E-256F7606B56D}.Release|Any CPU.ActiveCfg = Release|Any CPU
		{79D24194-D34F-45F5-814E-256F7606B56D}.Release|Any CPU.Build.0 = Release|Any CPU
	EndGlobalSection
	GlobalSection(SolutionProperties) = preSolution
		HideSolutionNode = FALSE
	EndGlobalSection
	GlobalSection(ExtensibilityGlobals) = postSolution
		SolutionGuid = {01684D58-34D9-4795-99DC-D4F83EB6CA3F}
	EndGlobalSection
EndGlobal
